
Microsoft Visual Studio Solution File, Format Version 12.00
# Visual Studio Version 16
VisualStudioVersion = 16.0.31205.134
MinimumVisualStudioVersion = 10.0.40219.1
Project("{FAE04EC0-301F-11D3-BF4B-00C04F79EFBC}") = "TyporaUploaderAzure", "TyporaUploaderAzure\TyporaUploaderAzure.csproj", "{5E9113FB-01F8-4DC0-8001-5B63183F753F}"
EndProject
Global
	GlobalSection(SolutionConfigurationPlatforms) = preSolution
		Debug|Any CPU = Debug|Any CPU
		Release|Any CPU = Release|Any CPU
	EndGlobalSection
	GlobalSection(ProjectConfigurationPlatforms) = postSolution
		{5E9113FB-01F8-4DC0-8001-5B63183F753F}.Debug|Any CPU.ActiveCfg = Debug|Any CPU
		{5E9113FB-01F8-4DC0-8001-5B63183F753F}.Debug|Any CPU.Build.0 = Debug|Any CPU
		{5E9113FB-01F8-4DC0-8001-5B63183F753F}.Release|Any CPU.ActiveCfg = Release|Any CPU
		{5E9113FB-01F8-4DC0-8001-5B63183F753F}.Release|Any CPU.Build.0 = Release|Any CPU
	EndGlobalSection
	GlobalSection(SolutionProperties) = preSolution
		HideSolutionNode = FALSE
	EndGlobalSection
	GlobalSection(ExtensibilityGlobals) = postSolution
		SolutionGuid = {A89BC4ED-9855-493A-8281-313AEF8815F8}
	EndGlobalSection
EndGlobal
